
Microsoft Visual Studio Solution File, Format Version 12.00
# Visual Studio 15
VisualStudioVersion = 15.0.28307.572
MinimumVisualStudioVersion = 10.0.40219.1
Project("{9A19103F-16F7-4668-BE54-9A1E7A4F7556}") = "Api", "Api\Api.csproj", "{89503B12-3453-4922-A899-44FDF54FF01E}"
EndProject
Project("{9A19103F-16F7-4668-BE54-9A1E7A4F7556}") = "Logic", "Logic\Logic.csproj", "{34409286-B707-47C6-A472-DC121453DE7C}"
EndProject
Project("{FAE04EC0-301F-11D3-BF4B-00C04F79EFBC}") = "Common", "Common\Common.csproj", "{145DE092-F74F-4B7F-A3E5-2BB1A0D7D76C}"
EndProject
Project("{FAE04EC0-301F-11D3-BF4B-00C04F79EFBC}") = "Domain", "Domain\Domain.csproj", "{782D4229-8764-45ED-9B01-0A68C81BE135}"
EndProject
Project("{FAE04EC0-301F-11D3-BF4B-00C04F79EFBC}") = "Infrastructure", "Infrastructure\Infrastructure.csproj", "{30D8FF5B-2D3C-40D5-82D7-40A88CC2B117}"
EndProject
Global
	GlobalSection(SolutionConfigurationPlatforms) = preSolution
		Debug|Any CPU = Debug|Any CPU
		Release|Any CPU = Release|Any CPU
	EndGlobalSection
	GlobalSection(ProjectConfigurationPlatforms) = postSolution
		{89503B12-3453-4922-A899-44FDF54FF01E}.Debug|Any CPU.ActiveCfg = Debug|Any CPU
		{89503B12-3453-4922-A899-44FDF54FF01E}.Debug|Any CPU.Build.0 = Debug|Any CPU
		{89503B12-3453-4922-A899-44FDF54FF01E}.Release|Any CPU.ActiveCfg = Release|Any CPU
		{89503B12-3453-4922-A899-44FDF54FF01E}.Release|Any CPU.Build.0 = Release|Any CPU
		{34409286-B707-47C6-A472-DC121453DE7C}.Debug|Any CPU.ActiveCfg = Debug|Any CPU
		{34409286-B707-47C6-A472-DC121453DE7C}.Debug|Any CPU.Build.0 = Debug|Any CPU
		{34409286-B707-47C6-A472-DC121453DE7C}.Release|Any CPU.ActiveCfg = Release|Any CPU
		{34409286-B707-47C6-A472-DC121453DE7C}.Release|Any CPU.Build.0 = Release|Any CPU
		{145DE092-F74F-4B7F-A3E5-2BB1A0D7D76C}.Debug|Any CPU.ActiveCfg = Debug|Any CPU
		{145DE092-F74F-4B7F-A3E5-2BB1A0D7D76C}.Debug|Any CPU.Build.0 = Debug|Any CPU
		{145DE092-F74F-4B7F-A3E5-2BB1A0D7D76C}.Release|Any CPU.ActiveCfg = Release|Any CPU
		{145DE092-F74F-4B7F-A3E5-2BB1A0D7D76C}.Release|Any CPU.Build.0 = Release|Any CPU
		{782D4229-8764-45ED-9B01-0A68C81BE135}.Debug|Any CPU.ActiveCfg = Debug|Any CPU
		{782D4229-8764-45ED-9B01-0A68C81BE135}.Debug|Any CPU.Build.0 = Debug|Any CPU
		{782D4229-8764-45ED-9B01-0A68C81BE135}.Release|Any CPU.ActiveCfg = Release|Any CPU
		{782D4229-8764-45ED-9B01-0A68C81BE135}.Release|Any CPU.Build.0 = Release|Any CPU
		{30D8FF5B-2D3C-40D5-82D7-40A88CC2B117}.Debug|Any CPU.ActiveCfg = Debug|Any CPU
		{30D8FF5B-2D3C-40D5-82D7-40A88CC2B117}.Debug|Any CPU.Build.0 = Debug|Any CPU
		{30D8FF5B-2D3C-40D5-82D7-40A88CC2B117}.Release|Any CPU.ActiveCfg = Release|Any CPU
		{30D8FF5B-2D3C-40D5-82D7-40A88CC2B117}.Release|Any CPU.Build.0 = Release|Any CPU
	EndGlobalSection
	GlobalSection(SolutionProperties) = preSolution
		HideSolutionNode = FALSE
	EndGlobalSection
	GlobalSection(ExtensibilityGlobals) = postSolution
		SolutionGuid = {7C703560-4DC6-410B-9CC4-0D3072E818DB}
	EndGlobalSection
EndGlobal
